
Microsoft Visual Studio Solution File, Format Version 12.00
# Visual Studio Version 17
VisualStudioVersion = 17.8.34316.72
MinimumVisualStudioVersion = 10.0.40219.1
Project("{9A19103F-16F7-4668-BE54-9A1E7A4F7556}") = "OcphAspCoreApiAuth.Server", "OcphAspCoreApiAuth.Server\OcphAspCoreApiAuth.Server.csproj", "{64DC92FE-5C5F-4C3A-B059-E54109000975}"
EndProject
Project("{9A19103F-16F7-4668-BE54-9A1E7A4F7556}") = "Client", "Client\Client.csproj", "{D351CE18-A5E9-4533-A3A5-D7B2F9CB3803}"
EndProject
Project("{9A19103F-16F7-4668-BE54-9A1E7A4F7556}") = "ChatApp", "ChatApp\ChatApp.csproj", "{BEA55EAB-C897-4B65-A0A5-02582F2C61CB}"
EndProject
Project("{9A19103F-16F7-4668-BE54-9A1E7A4F7556}") = "Shared", "Shared\Shared.csproj", "{56395108-4B7E-4319-8735-2EE748EFF21F}"
EndProject
Project("{9A19103F-16F7-4668-BE54-9A1E7A4F7556}") = "ChatAppMobile", "ChatAppMobile\ChatAppMobile.csproj", "{1A27A22F-4DF1-4B9E-8689-C1C99B255462}"
EndProject
Project("{9A19103F-16F7-4668-BE54-9A1E7A4F7556}") = "OcphAspCoreApiAuth.Client", "OcphAspCoreApiAuth.Client\OcphAspCoreApiAuth.Client.csproj", "{6B464F33-BFDB-413C-9B6C-3FF4E70F64BC}"
EndProject
Project("{2150E333-8FDC-42A3-9474-1A3956D46DE8}") = "Solution Items", "Solution Items", "{4500CABC-3DD1-4527-85AE-C2D13543226C}"
	ProjectSection(SolutionItems) = preProject
		.editorconfig = .editorconfig
	EndProjectSection
EndProject
Global
	GlobalSection(SolutionConfigurationPlatforms) = preSolution
		Debug|Any CPU = Debug|Any CPU
		Release|Any CPU = Release|Any CPU
	EndGlobalSection
	GlobalSection(ProjectConfigurationPlatforms) = postSolution
		{64DC92FE-5C5F-4C3A-B059-E54109000975}.Debug|Any CPU.ActiveCfg = Debug|Any CPU
		{64DC92FE-5C5F-4C3A-B059-E54109000975}.Debug|Any CPU.Build.0 = Debug|Any CPU
		{64DC92FE-5C5F-4C3A-B059-E54109000975}.Release|Any CPU.ActiveCfg = Release|Any CPU
		{64DC92FE-5C5F-4C3A-B059-E54109000975}.Release|Any CPU.Build.0 = Release|Any CPU
		{D351CE18-A5E9-4533-A3A5-D7B2F9CB3803}.Debug|Any CPU.ActiveCfg = Debug|Any CPU
		{D351CE18-A5E9-4533-A3A5-D7B2F9CB3803}.Debug|Any CPU.Build.0 = Debug|Any CPU
		{D351CE18-A5E9-4533-A3A5-D7B2F9CB3803}.Release|Any CPU.ActiveCfg = Release|Any CPU
		{D351CE18-A5E9-4533-A3A5-D7B2F9CB3803}.Release|Any CPU.Build.0 = Release|Any CPU
		{BEA55EAB-C897-4B65-A0A5-02582F2C61CB}.Debug|Any CPU.ActiveCfg = Debug|Any CPU
		{BEA55EAB-C897-4B65-A0A5-02582F2C61CB}.Debug|Any CPU.Build.0 = Debug|Any CPU
		{BEA55EAB-C897-4B65-A0A5-02582F2C61CB}.Release|Any CPU.ActiveCfg = Release|Any CPU
		{BEA55EAB-C897-4B65-A0A5-02582F2C61CB}.Release|Any CPU.Build.0 = Release|Any CPU
		{56395108-4B7E-4319-8735-2EE748EFF21F}.Debug|Any CPU.ActiveCfg = Debug|Any CPU
		{56395108-4B7E-4319-8735-2EE748EFF21F}.Debug|Any CPU.Build.0 = Debug|Any CPU
		{56395108-4B7E-4319-8735-2EE748EFF21F}.Release|Any CPU.ActiveCfg = Release|Any CPU
		{56395108-4B7E-4319-8735-2EE748EFF21F}.Release|Any CPU.Build.0 = Release|Any CPU
		{1A27A22F-4DF1-4B9E-8689-C1C99B255462}.Debug|Any CPU.ActiveCfg = Debug|Any CPU
		{1A27A22F-4DF1-4B9E-8689-C1C99B255462}.Debug|Any CPU.Build.0 = Debug|Any CPU
		{1A27A22F-4DF1-4B9E-8689-C1C99B255462}.Debug|Any CPU.Deploy.0 = Debug|Any CPU
		{1A27A22F-4DF1-4B9E-8689-C1C99B255462}.Release|Any CPU.ActiveCfg = Release|Any CPU
		{1A27A22F-4DF1-4B9E-8689-C1C99B255462}.Release|Any CPU.Build.0 = Release|Any CPU
		{1A27A22F-4DF1-4B9E-8689-C1C99B255462}.Release|Any CPU.Deploy.0 = Release|Any CPU
		{6B464F33-BFDB-413C-9B6C-3FF4E70F64BC}.Debug|Any CPU.ActiveCfg = Debug|Any CPU
		{6B464F33-BFDB-413C-9B6C-3FF4E70F64BC}.Debug|Any CPU.Build.0 = Debug|Any CPU
		{6B464F33-BFDB-413C-9B6C-3FF4E70F64BC}.Release|Any CPU.ActiveCfg = Release|Any CPU
		{6B464F33-BFDB-413C-9B6C-3FF4E70F64BC}.Release|Any CPU.Build.0 = Release|Any CPU
	EndGlobalSection
	GlobalSection(SolutionProperties) = preSolution
		HideSolutionNode = FALSE
	EndGlobalSection
	GlobalSection(ExtensibilityGlobals) = postSolution
		SolutionGuid = {F4518089-A521-4615-A350-C0775ACEFDCF}
	EndGlobalSection
EndGlobal
